
Microsoft Visual Studio Solution File, Format Version 12.00
# Visual Studio 2012
Project("{FAE04EC0-301F-11D3-BF4B-00C04F79EFBC}") = "Process1", "Process1\Process1.csproj", "{2D8630EC-5FFD-4BC2-9671-A6F83C233E7D}"
EndProject
Project("{FAE04EC0-301F-11D3-BF4B-00C04F79EFBC}") = "SharmIpc", "SharmIpc\SharmIpc.csproj", "{398FFB3B-91DA-4021-943B-979F9D23DEFE}"
EndProject
Global
	GlobalSection(SolutionConfigurationPlatforms) = preSolution
		Debug|Any CPU = Debug|Any CPU
		Release|Any CPU = Release|Any CPU
	EndGlobalSection
	GlobalSection(ProjectConfigurationPlatforms) = postSolution
		{2D8630EC-5FFD-4BC2-9671-A6F83C233E7D}.Debug|Any CPU.ActiveCfg = Debug|Any CPU
		{2D8630EC-5FFD-4BC2-9671-A6F83C233E7D}.Debug|Any CPU.Build.0 = Debug|Any CPU
		{2D8630EC-5FFD-4BC2-9671-A6F83C233E7D}.Release|Any CPU.ActiveCfg = Release|Any CPU
		{2D8630EC-5FFD-4BC2-9671-A6F83C233E7D}.Release|Any CPU.Build.0 = Release|Any CPU
		{398FFB3B-91DA-4021-943B-979F9D23DEFE}.Debug|Any CPU.ActiveCfg = Debug|Any CPU
		{398FFB3B-91DA-4021-943B-979F9D23DEFE}.Debug|Any CPU.Build.0 = Debug|Any CPU
		{398FFB3B-91DA-4021-943B-979F9D23DEFE}.Release|Any CPU.ActiveCfg = Release|Any CPU
		{398FFB3B-91DA-4021-943B-979F9D23DEFE}.Release|Any CPU.Build.0 = Release|Any CPU
	EndGlobalSection
	GlobalSection(SolutionProperties) = preSolution
		HideSolutionNode = FALSE
	EndGlobalSection
EndGlobal
