
Microsoft Visual Studio Solution File, Format Version 12.00
# Visual Studio Version 16
VisualStudioVersion = 16.0.29020.237
MinimumVisualStudioVersion = 10.0.40219.1
Project("{FAE04EC0-301F-11D3-BF4B-00C04F79EFBC}") = "Process1", "Process1\Process1.csproj", "{2D8630EC-5FFD-4BC2-9671-A6F83C233E7D}"
EndProject
Project("{FAE04EC0-301F-11D3-BF4B-00C04F79EFBC}") = "SharmIpc", "SharmIpc\SharmIpc.csproj", "{398FFB3B-91DA-4021-943B-979F9D23DEFE}"
EndProject
Project("{9A19103F-16F7-4668-BE54-9A1E7A4F7556}") = "SharmIpcNetStandard20", "SharmIpcNetStandard20\SharmIpcNetStandard20.csproj", "{E15ACC9F-C24A-4B95-909C-95DB8BCC9C8A}"
EndProject
Global
	GlobalSection(SolutionConfigurationPlatforms) = preSolution
		Debug|Any CPU = Debug|Any CPU
		Debug|ARM = Debug|ARM
		Debug|x64 = Debug|x64
		Debug|x86 = Debug|x86
		Release|Any CPU = Release|Any CPU
		Release|ARM = Release|ARM
		Release|x64 = Release|x64
		Release|x86 = Release|x86
	EndGlobalSection
	GlobalSection(ProjectConfigurationPlatforms) = postSolution
		{2D8630EC-5FFD-4BC2-9671-A6F83C233E7D}.Debug|Any CPU.ActiveCfg = Debug|Any CPU
		{2D8630EC-5FFD-4BC2-9671-A6F83C233E7D}.Debug|Any CPU.Build.0 = Debug|Any CPU
		{2D8630EC-5FFD-4BC2-9671-A6F83C233E7D}.Debug|ARM.ActiveCfg = Debug|Any CPU
		{2D8630EC-5FFD-4BC2-9671-A6F83C233E7D}.Debug|ARM.Build.0 = Debug|Any CPU
		{2D8630EC-5FFD-4BC2-9671-A6F83C233E7D}.Debug|x64.ActiveCfg = Debug|Any CPU
		{2D8630EC-5FFD-4BC2-9671-A6F83C233E7D}.Debug|x64.Build.0 = Debug|Any CPU
		{2D8630EC-5FFD-4BC2-9671-A6F83C233E7D}.Debug|x86.ActiveCfg = Debug|Any CPU
		{2D8630EC-5FFD-4BC2-9671-A6F83C233E7D}.Debug|x86.Build.0 = Debug|Any CPU
		{2D8630EC-5FFD-4BC2-9671-A6F83C233E7D}.Release|Any CPU.ActiveCfg = Release|Any CPU
		{2D8630EC-5FFD-4BC2-9671-A6F83C233E7D}.Release|Any CPU.Build.0 = Release|Any CPU
		{2D8630EC-5FFD-4BC2-9671-A6F83C233E7D}.Release|ARM.ActiveCfg = Release|Any CPU
		{2D8630EC-5FFD-4BC2-9671-A6F83C233E7D}.Release|ARM.Build.0 = Release|Any CPU
		{2D8630EC-5FFD-4BC2-9671-A6F83C233E7D}.Release|x64.ActiveCfg = Release|Any CPU
		{2D8630EC-5FFD-4BC2-9671-A6F83C233E7D}.Release|x64.Build.0 = Release|Any CPU
		{2D8630EC-5FFD-4BC2-9671-A6F83C233E7D}.Release|x86.ActiveCfg = Release|Any CPU
		{2D8630EC-5FFD-4BC2-9671-A6F83C233E7D}.Release|x86.Build.0 = Release|Any CPU
		{398FFB3B-91DA-4021-943B-979F9D23DEFE}.Debug|Any CPU.ActiveCfg = Debug|Any CPU
		{398FFB3B-91DA-4021-943B-979F9D23DEFE}.Debug|Any CPU.Build.0 = Debug|Any CPU
		{398FFB3B-91DA-4021-943B-979F9D23DEFE}.Debug|ARM.ActiveCfg = Debug|Any CPU
		{398FFB3B-91DA-4021-943B-979F9D23DEFE}.Debug|ARM.Build.0 = Debug|Any CPU
		{398FFB3B-91DA-4021-943B-979F9D23DEFE}.Debug|x64.ActiveCfg = Debug|Any CPU
		{398FFB3B-91DA-4021-943B-979F9D23DEFE}.Debug|x64.Build.0 = Debug|Any CPU
		{398FFB3B-91DA-4021-943B-979F9D23DEFE}.Debug|x86.ActiveCfg = Debug|Any CPU
		{398FFB3B-91DA-4021-943B-979F9D23DEFE}.Debug|x86.Build.0 = Debug|Any CPU
		{398FFB3B-91DA-4021-943B-979F9D23DEFE}.Release|Any CPU.ActiveCfg = Release|Any CPU
		{398FFB3B-91DA-4021-943B-979F9D23DEFE}.Release|Any CPU.Build.0 = Release|Any CPU
		{398FFB3B-91DA-4021-943B-979F9D23DEFE}.Release|ARM.ActiveCfg = Release|Any CPU
		{398FFB3B-91DA-4021-943B-979F9D23DEFE}.Release|ARM.Build.0 = Release|Any CPU
		{398FFB3B-91DA-4021-943B-979F9D23DEFE}.Release|x64.ActiveCfg = Release|Any CPU
		{398FFB3B-91DA-4021-943B-979F9D23DEFE}.Release|x64.Build.0 = Release|Any CPU
		{398FFB3B-91DA-4021-943B-979F9D23DEFE}.Release|x86.ActiveCfg = Release|Any CPU
		{398FFB3B-91DA-4021-943B-979F9D23DEFE}.Release|x86.Build.0 = Release|Any CPU
		{E15ACC9F-C24A-4B95-909C-95DB8BCC9C8A}.Debug|Any CPU.ActiveCfg = Debug|Any CPU
		{E15ACC9F-C24A-4B95-909C-95DB8BCC9C8A}.Debug|Any CPU.Build.0 = Debug|Any CPU
		{E15ACC9F-C24A-4B95-909C-95DB8BCC9C8A}.Debug|ARM.ActiveCfg = Debug|Any CPU
		{E15ACC9F-C24A-4B95-909C-95DB8BCC9C8A}.Debug|ARM.Build.0 = Debug|Any CPU
		{E15ACC9F-C24A-4B95-909C-95DB8BCC9C8A}.Debug|x64.ActiveCfg = Debug|Any CPU
		{E15ACC9F-C24A-4B95-909C-95DB8BCC9C8A}.Debug|x64.Build.0 = Debug|Any CPU
		{E15ACC9F-C24A-4B95-909C-95DB8BCC9C8A}.Debug|x86.ActiveCfg = Debug|Any CPU
		{E15ACC9F-C24A-4B95-909C-95DB8BCC9C8A}.Debug|x86.Build.0 = Debug|Any CPU
		{E15ACC9F-C24A-4B95-909C-95DB8BCC9C8A}.Release|Any CPU.ActiveCfg = Release|Any CPU
		{E15ACC9F-C24A-4B95-909C-95DB8BCC9C8A}.Release|Any CPU.Build.0 = Release|Any CPU
		{E15ACC9F-C24A-4B95-909C-95DB8BCC9C8A}.Release|ARM.ActiveCfg = Release|Any CPU
		{E15ACC9F-C24A-4B95-909C-95DB8BCC9C8A}.Release|ARM.Build.0 = Release|Any CPU
		{E15ACC9F-C24A-4B95-909C-95DB8BCC9C8A}.Release|x64.ActiveCfg = Release|Any CPU
		{E15ACC9F-C24A-4B95-909C-95DB8BCC9C8A}.Release|x64.Build.0 = Release|Any CPU
		{E15ACC9F-C24A-4B95-909C-95DB8BCC9C8A}.Release|x86.ActiveCfg = Release|Any CPU
		{E15ACC9F-C24A-4B95-909C-95DB8BCC9C8A}.Release|x86.Build.0 = Release|Any CPU
	EndGlobalSection
	GlobalSection(SolutionProperties) = preSolution
		HideSolutionNode = FALSE
	EndGlobalSection
	GlobalSection(ExtensibilityGlobals) = postSolution
		SolutionGuid = {F6C5F434-AC50-4986-AA55-F1CC5519B9F5}
	EndGlobalSection
EndGlobal
