
Microsoft Visual Studio Solution File, Format Version 12.00
# Visual Studio 14
VisualStudioVersion = 14.0.25420.1
MinimumVisualStudioVersion = 10.0.40219.1
Project("{FAE04EC0-301F-11D3-BF4B-00C04F79EFBC}") = "Process1", "Process1\Process1.csproj", "{2D8630EC-5FFD-4BC2-9671-A6F83C233E7D}"
EndProject
Project("{FAE04EC0-301F-11D3-BF4B-00C04F79EFBC}") = "SharmIpc", "SharmIpc\SharmIpc.csproj", "{398FFB3B-91DA-4021-943B-979F9D23DEFE}"
EndProject
Project("{8BB2217D-0F2D-49D1-97BC-3654ED321F3B}") = "SharmIpcNetCore", "SharmIpcNetCore\SharmIpcNetCore.xproj", "{FC209561-A719-4987-9409-2DDAEABA8186}"
EndProject
Project("{FAE04EC0-301F-11D3-BF4B-00C04F79EFBC}") = "SharmIpcUWP", "SharmIpcUWP\SharmIpcUWP.csproj", "{CEBB68FC-2CD6-4B52-90C7-E662B5F97F88}"
EndProject
Global
	GlobalSection(SolutionConfigurationPlatforms) = preSolution
		Debug|Any CPU = Debug|Any CPU
		Debug|ARM = Debug|ARM
		Debug|x64 = Debug|x64
		Debug|x86 = Debug|x86
		Release|Any CPU = Release|Any CPU
		Release|ARM = Release|ARM
		Release|x64 = Release|x64
		Release|x86 = Release|x86
	EndGlobalSection
	GlobalSection(ProjectConfigurationPlatforms) = postSolution
		{2D8630EC-5FFD-4BC2-9671-A6F83C233E7D}.Debug|Any CPU.ActiveCfg = Debug|Any CPU
		{2D8630EC-5FFD-4BC2-9671-A6F83C233E7D}.Debug|Any CPU.Build.0 = Debug|Any CPU
		{2D8630EC-5FFD-4BC2-9671-A6F83C233E7D}.Debug|ARM.ActiveCfg = Debug|Any CPU
		{2D8630EC-5FFD-4BC2-9671-A6F83C233E7D}.Debug|ARM.Build.0 = Debug|Any CPU
		{2D8630EC-5FFD-4BC2-9671-A6F83C233E7D}.Debug|x64.ActiveCfg = Debug|Any CPU
		{2D8630EC-5FFD-4BC2-9671-A6F83C233E7D}.Debug|x64.Build.0 = Debug|Any CPU
		{2D8630EC-5FFD-4BC2-9671-A6F83C233E7D}.Debug|x86.ActiveCfg = Debug|Any CPU
		{2D8630EC-5FFD-4BC2-9671-A6F83C233E7D}.Debug|x86.Build.0 = Debug|Any CPU
		{2D8630EC-5FFD-4BC2-9671-A6F83C233E7D}.Release|Any CPU.ActiveCfg = Release|Any CPU
		{2D8630EC-5FFD-4BC2-9671-A6F83C233E7D}.Release|Any CPU.Build.0 = Release|Any CPU
		{2D8630EC-5FFD-4BC2-9671-A6F83C233E7D}.Release|ARM.ActiveCfg = Release|Any CPU
		{2D8630EC-5FFD-4BC2-9671-A6F83C233E7D}.Release|ARM.Build.0 = Release|Any CPU
		{2D8630EC-5FFD-4BC2-9671-A6F83C233E7D}.Release|x64.ActiveCfg = Release|Any CPU
		{2D8630EC-5FFD-4BC2-9671-A6F83C233E7D}.Release|x64.Build.0 = Release|Any CPU
		{2D8630EC-5FFD-4BC2-9671-A6F83C233E7D}.Release|x86.ActiveCfg = Release|Any CPU
		{2D8630EC-5FFD-4BC2-9671-A6F83C233E7D}.Release|x86.Build.0 = Release|Any CPU
		{398FFB3B-91DA-4021-943B-979F9D23DEFE}.Debug|Any CPU.ActiveCfg = Debug|Any CPU
		{398FFB3B-91DA-4021-943B-979F9D23DEFE}.Debug|Any CPU.Build.0 = Debug|Any CPU
		{398FFB3B-91DA-4021-943B-979F9D23DEFE}.Debug|ARM.ActiveCfg = Debug|Any CPU
		{398FFB3B-91DA-4021-943B-979F9D23DEFE}.Debug|ARM.Build.0 = Debug|Any CPU
		{398FFB3B-91DA-4021-943B-979F9D23DEFE}.Debug|x64.ActiveCfg = Debug|Any CPU
		{398FFB3B-91DA-4021-943B-979F9D23DEFE}.Debug|x64.Build.0 = Debug|Any CPU
		{398FFB3B-91DA-4021-943B-979F9D23DEFE}.Debug|x86.ActiveCfg = Debug|Any CPU
		{398FFB3B-91DA-4021-943B-979F9D23DEFE}.Debug|x86.Build.0 = Debug|Any CPU
		{398FFB3B-91DA-4021-943B-979F9D23DEFE}.Release|Any CPU.ActiveCfg = Release|Any CPU
		{398FFB3B-91DA-4021-943B-979F9D23DEFE}.Release|Any CPU.Build.0 = Release|Any CPU
		{398FFB3B-91DA-4021-943B-979F9D23DEFE}.Release|ARM.ActiveCfg = Release|Any CPU
		{398FFB3B-91DA-4021-943B-979F9D23DEFE}.Release|ARM.Build.0 = Release|Any CPU
		{398FFB3B-91DA-4021-943B-979F9D23DEFE}.Release|x64.ActiveCfg = Release|Any CPU
		{398FFB3B-91DA-4021-943B-979F9D23DEFE}.Release|x64.Build.0 = Release|Any CPU
		{398FFB3B-91DA-4021-943B-979F9D23DEFE}.Release|x86.ActiveCfg = Release|Any CPU
		{398FFB3B-91DA-4021-943B-979F9D23DEFE}.Release|x86.Build.0 = Release|Any CPU
		{FC209561-A719-4987-9409-2DDAEABA8186}.Debug|Any CPU.ActiveCfg = Debug|Any CPU
		{FC209561-A719-4987-9409-2DDAEABA8186}.Debug|Any CPU.Build.0 = Debug|Any CPU
		{FC209561-A719-4987-9409-2DDAEABA8186}.Debug|ARM.ActiveCfg = Debug|Any CPU
		{FC209561-A719-4987-9409-2DDAEABA8186}.Debug|ARM.Build.0 = Debug|Any CPU
		{FC209561-A719-4987-9409-2DDAEABA8186}.Debug|x64.ActiveCfg = Debug|Any CPU
		{FC209561-A719-4987-9409-2DDAEABA8186}.Debug|x64.Build.0 = Debug|Any CPU
		{FC209561-A719-4987-9409-2DDAEABA8186}.Debug|x86.ActiveCfg = Debug|Any CPU
		{FC209561-A719-4987-9409-2DDAEABA8186}.Debug|x86.Build.0 = Debug|Any CPU
		{FC209561-A719-4987-9409-2DDAEABA8186}.Release|Any CPU.ActiveCfg = Release|Any CPU
		{FC209561-A719-4987-9409-2DDAEABA8186}.Release|Any CPU.Build.0 = Release|Any CPU
		{FC209561-A719-4987-9409-2DDAEABA8186}.Release|ARM.ActiveCfg = Release|Any CPU
		{FC209561-A719-4987-9409-2DDAEABA8186}.Release|ARM.Build.0 = Release|Any CPU
		{FC209561-A719-4987-9409-2DDAEABA8186}.Release|x64.ActiveCfg = Release|Any CPU
		{FC209561-A719-4987-9409-2DDAEABA8186}.Release|x64.Build.0 = Release|Any CPU
		{FC209561-A719-4987-9409-2DDAEABA8186}.Release|x86.ActiveCfg = Release|Any CPU
		{FC209561-A719-4987-9409-2DDAEABA8186}.Release|x86.Build.0 = Release|Any CPU
		{CEBB68FC-2CD6-4B52-90C7-E662B5F97F88}.Debug|Any CPU.ActiveCfg = Debug|Any CPU
		{CEBB68FC-2CD6-4B52-90C7-E662B5F97F88}.Debug|Any CPU.Build.0 = Debug|Any CPU
		{CEBB68FC-2CD6-4B52-90C7-E662B5F97F88}.Debug|ARM.ActiveCfg = Debug|ARM
		{CEBB68FC-2CD6-4B52-90C7-E662B5F97F88}.Debug|ARM.Build.0 = Debug|ARM
		{CEBB68FC-2CD6-4B52-90C7-E662B5F97F88}.Debug|x64.ActiveCfg = Debug|x64
		{CEBB68FC-2CD6-4B52-90C7-E662B5F97F88}.Debug|x64.Build.0 = Debug|x64
		{CEBB68FC-2CD6-4B52-90C7-E662B5F97F88}.Debug|x86.ActiveCfg = Debug|x86
		{CEBB68FC-2CD6-4B52-90C7-E662B5F97F88}.Debug|x86.Build.0 = Debug|x86
		{CEBB68FC-2CD6-4B52-90C7-E662B5F97F88}.Release|Any CPU.ActiveCfg = Release|Any CPU
		{CEBB68FC-2CD6-4B52-90C7-E662B5F97F88}.Release|Any CPU.Build.0 = Release|Any CPU
		{CEBB68FC-2CD6-4B52-90C7-E662B5F97F88}.Release|ARM.ActiveCfg = Release|ARM
		{CEBB68FC-2CD6-4B52-90C7-E662B5F97F88}.Release|ARM.Build.0 = Release|ARM
		{CEBB68FC-2CD6-4B52-90C7-E662B5F97F88}.Release|x64.ActiveCfg = Release|x64
		{CEBB68FC-2CD6-4B52-90C7-E662B5F97F88}.Release|x64.Build.0 = Release|x64
		{CEBB68FC-2CD6-4B52-90C7-E662B5F97F88}.Release|x86.ActiveCfg = Release|x86
		{CEBB68FC-2CD6-4B52-90C7-E662B5F97F88}.Release|x86.Build.0 = Release|x86
	EndGlobalSection
	GlobalSection(SolutionProperties) = preSolution
		HideSolutionNode = FALSE
	EndGlobalSection
EndGlobal
